<?xml version="1.0" encoding="utf-8"?>
<Project ToolsVersion="4.0" xmlns="http://schemas.microsoft.com/developer/msbuild/2003">
  <ItemGroup>
    <Filter Include="Source Files">
      <UniqueIdentifier>{4FC737F1-C7A5-4376-A066-2A32D752A2FF}</UniqueIdentifier>
      <Extensions>cpp;c;cc;cxx;c++;cppm;ixx;def;odl;idl;hpj;bat;asm;asmx</Extensions>
    </Filter>
    <Filter Include="Header Files">
      <UniqueIdentifier>{93995380-89BD-4b04-88EB-625FBE52EBFB}</UniqueIdentifier>
      <Extensions>h;hh;hpp;hxx;h++;hm;inl;inc;ipp;xsd</Extensions>
    </Filter>
    <Filter Include="hooks">
      <UniqueIdentifier>{211ef40a-0bef-4dda-9545-2a74057b7896}</UniqueIdentifier>
    </Filter>
    <Filter Include="sigscan">
      <UniqueIdentifier>{6a40881d-70d1-4ef5-a3f0-255c157816e9}</UniqueIdentifier>
    </Filter>
    <Filter Include="utils">
      <UniqueIdentifier>{ff6c3a5e-853b-41c7-9557-e163688388fa}</UniqueIdentifier>
    </Filter>
    <Filter Include="MinHook">
      <UniqueIdentifier>{a5832ea4-4c55-4e21-bd02-5f2f877a9a29}</UniqueIdentifier>
    </Filter>
  </ItemGroup>
  <ItemGroup>
    <ClCompile Include="main.cpp">
      <Filter>Source Files</Filter>
    </ClCompile>
    <ClCompile Include="hooks.cpp">
      <Filter>hooks</Filter>
    </ClCompile>
    <ClCompile Include="sigscan.cpp">
      <Filter>sigscan</Filter>
    </ClCompile>
    <ClCompile Include="utils.cpp">
      <Filter>utils</Filter>
    </ClCompile>
    <ClCompile Include="..\deps\minhook\src\buffer.c">
      <Filter>MinHook</Filter>
    </ClCompile>
    <ClCompile Include="..\deps\minhook\src\hook.c">
      <Filter>MinHook</Filter>
    </ClCompile>
    <ClCompile Include="..\deps\minhook\src\trampoline.c">
      <Filter>MinHook</Filter>
    </ClCompile>
    <ClCompile Include="..\deps\minhook\src\hde\hde32.c">
      <Filter>MinHook</Filter>
    </ClCompile>
    <ClCompile Include="..\deps\minhook\src\hde\hde64.c">
      <Filter>MinHook</Filter>
    </ClCompile>
  </ItemGroup>
  <ItemGroup>
    <ClInclude Include="xor.h">
      <Filter>Header Files</Filter>
    </ClInclude>
    <ClInclude Include="hooks.h">
      <Filter>hooks</Filter>
    </ClInclude>
    <ClInclude Include="sigscan.h">
      <Filter>sigscan</Filter>
    </ClInclude>
    <ClInclude Include="utils.h">
      <Filter>utils</Filter>
    </ClInclude>
    <ClInclude Include="..\deps\minhook\src\buffer.h">
      <Filter>MinHook</Filter>
    </ClInclude>
    <ClInclude Include="..\deps\minhook\src\trampoline.h">
      <Filter>MinHook</Filter>
    </ClInclude>
    <ClInclude Include="..\deps\minhook\src\hde\hde32.h">
      <Filter>MinHook</Filter>
    </ClInclude>
    <ClInclude Include="..\deps\minhook\src\hde\hde64.h">
      <Filter>MinHook</Filter>
    </ClInclude>
    <ClInclude Include="..\deps\minhook\src\hde\pstdint.h">
      <Filter>MinHook</Filter>
    </ClInclude>
    <ClInclude Include="..\deps\minhook\src\hde\table32.h">
      <Filter>MinHook</Filter>
    </ClInclude>
    <ClInclude Include="..\deps\minhook\src\hde\table64.h">
      <Filter>MinHook</Filter>
    </ClInclude>
    <ClInclude Include="..\deps\minhook\include\MinHook.h">
      <Filter>MinHook</Filter>
    </ClInclude>
  </ItemGroup>
</Project>